
Microsoft Visual Studio Solution File, Format Version 12.00
# Visual Studio Version 17
VisualStudioVersion = 17.1.32319.34
MinimumVisualStudioVersion = 10.0.40219.1
Project("{FAE04EC0-301F-11D3-BF4B-00C04F79EFBC}") = "DataStracturesPrj", "DataStracturesPrj\DataStracturesPrj.csproj", "{B774DCDB-35A3-4B74-BE5C-60F2E2E3B27E}"
EndProject
Project("{FAE04EC0-301F-11D3-BF4B-00C04F79EFBC}") = "Logic", "Logic\Logic.csproj", "{1FBE9C4E-CF2D-4146-84E2-2FCDD61B5008}"
EndProject
Project("{FAE04EC0-301F-11D3-BF4B-00C04F79EFBC}") = "Stock", "Stock\Stock.csproj", "{F74D4487-ECBB-4ABC-AF66-7DEBE03C8763}"
EndProject
Global
	GlobalSection(SolutionConfigurationPlatforms) = preSolution
		Debug|Any CPU = Debug|Any CPU
		Release|Any CPU = Release|Any CPU
	EndGlobalSection
	GlobalSection(ProjectConfigurationPlatforms) = postSolution
		{B774DCDB-35A3-4B74-BE5C-60F2E2E3B27E}.Debug|Any CPU.ActiveCfg = Debug|Any CPU
		{B774DCDB-35A3-4B74-BE5C-60F2E2E3B27E}.Debug|Any CPU.Build.0 = Debug|Any CPU
		{B774DCDB-35A3-4B74-BE5C-60F2E2E3B27E}.Release|Any CPU.ActiveCfg = Release|Any CPU
		{B774DCDB-35A3-4B74-BE5C-60F2E2E3B27E}.Release|Any CPU.Build.0 = Release|Any CPU
		{1FBE9C4E-CF2D-4146-84E2-2FCDD61B5008}.Debug|Any CPU.ActiveCfg = Debug|Any CPU
		{1FBE9C4E-CF2D-4146-84E2-2FCDD61B5008}.Debug|Any CPU.Build.0 = Debug|Any CPU
		{1FBE9C4E-CF2D-4146-84E2-2FCDD61B5008}.Release|Any CPU.ActiveCfg = Release|Any CPU
		{1FBE9C4E-CF2D-4146-84E2-2FCDD61B5008}.Release|Any CPU.Build.0 = Release|Any CPU
		{F74D4487-ECBB-4ABC-AF66-7DEBE03C8763}.Debug|Any CPU.ActiveCfg = Debug|Any CPU
		{F74D4487-ECBB-4ABC-AF66-7DEBE03C8763}.Debug|Any CPU.Build.0 = Debug|Any CPU
		{F74D4487-ECBB-4ABC-AF66-7DEBE03C8763}.Release|Any CPU.ActiveCfg = Release|Any CPU
		{F74D4487-ECBB-4ABC-AF66-7DEBE03C8763}.Release|Any CPU.Build.0 = Release|Any CPU
	EndGlobalSection
	GlobalSection(SolutionProperties) = preSolution
		HideSolutionNode = FALSE
	EndGlobalSection
	GlobalSection(ExtensibilityGlobals) = postSolution
		SolutionGuid = {05E4470B-D7F2-41A6-98C6-350C13456DF5}
	EndGlobalSection
EndGlobal
